<?xml version="1.0" encoding="utf-8"?>
<Project ToolsVersion="4.0" xmlns="http://schemas.microsoft.com/developer/msbuild/2003">
  <ItemGroup>
    <ClCompile Include="src\testApp.cpp">
      <Filter>src</Filter>
    </ClCompile>
    <ClCompile Include="src\main.cpp">
      <Filter>src</Filter>
    </ClCompile>
    <ClCompile Include="..\..\..\addons\ofxLibwebsockets\libs\ofxLibwebsockets\src\Client.cpp">
      <Filter>addons\ofxLibwebsockets\libs\ofxLibwebsockets\src</Filter>
    </ClCompile>
    <ClCompile Include="..\..\..\addons\ofxLibwebsockets\libs\ofxLibwebsockets\src\Connection.cpp">
      <Filter>addons\ofxLibwebsockets\libs\ofxLibwebsockets\src</Filter>
    </ClCompile>
    <ClCompile Include="..\..\..\addons\ofxLibwebsockets\libs\ofxLibwebsockets\src\Events.cpp">
      <Filter>addons\ofxLibwebsockets\libs\ofxLibwebsockets\src</Filter>
    </ClCompile>
    <ClCompile Include="..\..\..\addons\ofxLibwebsockets\libs\ofxLibwebsockets\src\Protocol.cpp">
      <Filter>addons\ofxLibwebsockets\libs\ofxLibwebsockets\src</Filter>
    </ClCompile>
    <ClCompile Include="..\..\..\addons\ofxLibwebsockets\libs\ofxLibwebsockets\src\Reactor.cpp">
      <Filter>addons\ofxLibwebsockets\libs\ofxLibwebsockets\src</Filter>
    </ClCompile>
    <ClCompile Include="..\..\..\addons\ofxLibwebsockets\libs\ofxLibwebsockets\src\Server.cpp">
      <Filter>addons\ofxLibwebsockets\libs\ofxLibwebsockets\src</Filter>
    </ClCompile>
    <ClCompile Include="..\..\..\addons\ofxLibwebsockets\libs\libwebsockets\include\win32port\win32helpers\getopt.c">
      <Filter>addons\ofxLibwebsockets\libs\libwebsockets</Filter>
    </ClCompile>
    <ClCompile Include="..\..\..\addons\ofxLibwebsockets\libs\libwebsockets\include\win32port\win32helpers\getopt_long.c">
      <Filter>addons\ofxLibwebsockets\libs\libwebsockets</Filter>
    </ClCompile>
    <ClCompile Include="..\..\..\addons\ofxLibwebsockets\libs\libwebsockets\include\win32port\win32helpers\gettimeofday.c">
      <Filter>addons\ofxLibwebsockets\libs\libwebsockets</Filter>
    </ClCompile>
    <ClCompile Include="..\..\..\addons\ofxLibwebsockets\libs\libwebsockets\include\win32port\win32helpers\websock-w32.c">
      <Filter>addons\ofxLibwebsockets\libs\libwebsockets</Filter>
    </ClCompile>
    <ClCompile Include="..\..\..\addons\ofxLibwebsockets\libs\jsoncpp\jsoncpp.cpp">
      <Filter>addons\ofxLibwebsockets\libs\jsoncpp</Filter>
    </ClCompile>
  </ItemGroup>
  <ItemGroup>
    <Filter Include="src">
      <UniqueIdentifier>{d8376475-7454-4a24-b08a-aac121d3ad6f}</UniqueIdentifier>
    </Filter>
    <Filter Include="ofxLibwebsockets">
      <UniqueIdentifier>{6aad8cbd-c65a-4d90-bd25-f2ad16bd4de0}</UniqueIdentifier>
    </Filter>
    <Filter Include="ofxLibwebsockets\src">
      <UniqueIdentifier>{eed892cf-0022-46a6-8062-d46e7c04d09c}</UniqueIdentifier>
    </Filter>
    <Filter Include="ofxLibwebsockets\libs">
      <UniqueIdentifier>{2a0b2094-f9bc-46cd-87e5-f6af0b7da734}</UniqueIdentifier>
    </Filter>
    <Filter Include="ofxLibwebsockets\libs\ofxLibwebsockets">
      <UniqueIdentifier>{3ae7f034-8ca6-41cd-8e9e-04ca525672e2}</UniqueIdentifier>
    </Filter>
    <Filter Include="ofxLibwebsockets\libs\jsoncpp">
      <UniqueIdentifier>{d437d822-832e-4a2e-b98d-2eacb1b20ac7}</UniqueIdentifier>
    </Filter>
    <Filter Include="ofxLibwebsockets\libs\libwebsockets">
      <UniqueIdentifier>{2837a117-ee21-4c2a-b51c-5d02c37b9b9f}</UniqueIdentifier>
    </Filter>
    <Filter Include="ofxLibwebsockets\libs\openssl">
      <UniqueIdentifier>{174ceea3-1ae8-45d4-acf9-d55e468ed041}</UniqueIdentifier>
    </Filter>
    <Filter Include="ofxLibwebsockets\libs\ofxLibwebsockets\src">
      <UniqueIdentifier>{d9bfc243-9283-45cd-ace3-17b63dd71624}</UniqueIdentifier>
    </Filter>
    <Filter Include="ofxLibwebsockets\libs\ofxLibwebsockets\include">
      <UniqueIdentifier>{247ee896-c073-4526-ae4f-9ed365577e9d}</UniqueIdentifier>
    </Filter>
  </ItemGroup>
  <ItemGroup>
    <ClInclude Include="src\testApp.h">
      <Filter>src</Filter>
    </ClInclude>
    <ClInclude Include="..\..\..\addons\ofxLibwebsockets\src\ofxLibwebsockets.h">
      <Filter>addons\ofxLibwebsockets\src</Filter>
    </ClInclude>
    <ClInclude Include="..\..\..\addons\ofxLibwebsockets\libs\ofxLibwebsockets\include\ofxLibwebsockets\Client.h">
      <Filter>addons\ofxLibwebsockets\libs\ofxLibwebsockets\include</Filter>
    </ClInclude>
    <ClInclude Include="..\..\..\addons\ofxLibwebsockets\libs\ofxLibwebsockets\include\ofxLibwebsockets\Connection.h">
      <Filter>addons\ofxLibwebsockets\libs\ofxLibwebsockets\include</Filter>
    </ClInclude>
    <ClInclude Include="..\..\..\addons\ofxLibwebsockets\libs\ofxLibwebsockets\include\ofxLibwebsockets\Events.h">
      <Filter>addons\ofxLibwebsockets\libs\ofxLibwebsockets\include</Filter>
    </ClInclude>
    <ClInclude Include="..\..\..\addons\ofxLibwebsockets\libs\ofxLibwebsockets\include\ofxLibwebsockets\Protocol.h">
      <Filter>addons\ofxLibwebsockets\libs\ofxLibwebsockets\include</Filter>
    </ClInclude>
    <ClInclude Include="..\..\..\addons\ofxLibwebsockets\libs\ofxLibwebsockets\include\ofxLibwebsockets\Reactor.h">
      <Filter>addons\ofxLibwebsockets\libs\ofxLibwebsockets\include</Filter>
    </ClInclude>
    <ClInclude Include="..\..\..\addons\ofxLibwebsockets\libs\ofxLibwebsockets\include\ofxLibwebsockets\Server.h">
      <Filter>addons\ofxLibwebsockets\libs\ofxLibwebsockets\include</Filter>
    </ClInclude>
    <ClInclude Include="..\..\..\addons\ofxLibwebsockets\libs\ofxLibwebsockets\include\ofxLibwebsockets\Util.h">
      <Filter>addons\ofxLibwebsockets\libs\ofxLibwebsockets\include</Filter>
    </ClInclude>
    <ClInclude Include="..\..\..\addons\ofxLibwebsockets\libs\openssl\openssl\aes.h">
      <Filter>addons\ofxLibwebsockets\libs\openssl</Filter>
    </ClInclude>
    <ClInclude Include="..\..\..\addons\ofxLibwebsockets\libs\openssl\openssl\asn1.h">
      <Filter>addons\ofxLibwebsockets\libs\openssl</Filter>
    </ClInclude>
    <ClInclude Include="..\..\..\addons\ofxLibwebsockets\libs\openssl\openssl\asn1t.h">
      <Filter>addons\ofxLibwebsockets\libs\openssl</Filter>
    </ClInclude>
    <ClInclude Include="..\..\..\addons\ofxLibwebsockets\libs\openssl\openssl\asn1_mac.h">
      <Filter>addons\ofxLibwebsockets\libs\openssl</Filter>
    </ClInclude>
    <ClInclude Include="..\..\..\addons\ofxLibwebsockets\libs\openssl\openssl\bio.h">
      <Filter>addons\ofxLibwebsockets\libs\openssl</Filter>
    </ClInclude>
    <ClInclude Include="..\..\..\addons\ofxLibwebsockets\libs\openssl\openssl\blowfish.h">
      <Filter>addons\ofxLibwebsockets\libs\openssl</Filter>
    </ClInclude>
    <ClInclude Include="..\..\..\addons\ofxLibwebsockets\libs\openssl\openssl\bn.h">
      <Filter>addons\ofxLibwebsockets\libs\openssl</Filter>
    </ClInclude>
    <ClInclude Include="..\..\..\addons\ofxLibwebsockets\libs\openssl\openssl\buffer.h">
      <Filter>addons\ofxLibwebsockets\libs\openssl</Filter>
    </ClInclude>
    <ClInclude Include="..\..\..\addons\ofxLibwebsockets\libs\openssl\openssl\cast.h">
      <Filter>addons\ofxLibwebsockets\libs\openssl</Filter>
    </ClInclude>
    <ClInclude Include="..\..\..\addons\ofxLibwebsockets\libs\openssl\openssl\comp.h">
      <Filter>addons\ofxLibwebsockets\libs\openssl</Filter>
    </ClInclude>
    <ClInclude Include="..\..\..\addons\ofxLibwebsockets\libs\openssl\openssl\conf.h">
      <Filter>addons\ofxLibwebsockets\libs\openssl</Filter>
    </ClInclude>
    <ClInclude Include="..\..\..\addons\ofxLibwebsockets\libs\openssl\openssl\conf_api.h">
      <Filter>addons\ofxLibwebsockets\libs\openssl</Filter>
    </ClInclude>
    <ClInclude Include="..\..\..\addons\ofxLibwebsockets\libs\openssl\openssl\crypto.h">
      <Filter>addons\ofxLibwebsockets\libs\openssl</Filter>
    </ClInclude>
    <ClInclude Include="..\..\..\addons\ofxLibwebsockets\libs\openssl\openssl\des.h">
      <Filter>addons\ofxLibwebsockets\libs\openssl</Filter>
    </ClInclude>
    <ClInclude Include="..\..\..\addons\ofxLibwebsockets\libs\openssl\openssl\des_old.h">
      <Filter>addons\ofxLibwebsockets\libs\openssl</Filter>
    </ClInclude>
    <ClInclude Include="..\..\..\addons\ofxLibwebsockets\libs\openssl\openssl\dh.h">
      <Filter>addons\ofxLibwebsockets\libs\openssl</Filter>
    </ClInclude>
    <ClInclude Include="..\..\..\addons\ofxLibwebsockets\libs\openssl\openssl\dsa.h">
      <Filter>addons\ofxLibwebsockets\libs\openssl</Filter>
    </ClInclude>
    <ClInclude Include="..\..\..\addons\ofxLibwebsockets\libs\openssl\openssl\dso.h">
      <Filter>addons\ofxLibwebsockets\libs\openssl</Filter>
    </ClInclude>
    <ClInclude Include="..\..\..\addons\ofxLibwebsockets\libs\openssl\openssl\ebcdic.h">
      <Filter>addons\ofxLibwebsockets\libs\openssl</Filter>
    </ClInclude>
    <ClInclude Include="..\..\..\addons\ofxLibwebsockets\libs\openssl\openssl\ec.h">
      <Filter>addons\ofxLibwebsockets\libs\openssl</Filter>
    </ClInclude>
    <ClInclude Include="..\..\..\addons\ofxLibwebsockets\libs\openssl\openssl\engine.h">
      <Filter>addons\ofxLibwebsockets\libs\openssl</Filter>
    </ClInclude>
    <ClInclude Include="..\..\..\addons\ofxLibwebsockets\libs\openssl\openssl\err.h">
      <Filter>addons\ofxLibwebsockets\libs\openssl</Filter>
    </ClInclude>
    <ClInclude Include="..\..\..\addons\ofxLibwebsockets\libs\openssl\openssl\evp.h">
      <Filter>addons\ofxLibwebsockets\libs\openssl</Filter>
    </ClInclude>
    <ClInclude Include="..\..\..\addons\ofxLibwebsockets\libs\openssl\openssl\e_os2.h">
      <Filter>addons\ofxLibwebsockets\libs\openssl</Filter>
    </ClInclude>
    <ClInclude Include="..\..\..\addons\ofxLibwebsockets\libs\openssl\openssl\hmac.h">
      <Filter>addons\ofxLibwebsockets\libs\openssl</Filter>
    </ClInclude>
    <ClInclude Include="..\..\..\addons\ofxLibwebsockets\libs\openssl\openssl\krb5_asn.h">
      <Filter>addons\ofxLibwebsockets\libs\openssl</Filter>
    </ClInclude>
    <ClInclude Include="..\..\..\addons\ofxLibwebsockets\libs\openssl\openssl\kssl.h">
      <Filter>addons\ofxLibwebsockets\libs\openssl</Filter>
    </ClInclude>
    <ClInclude Include="..\..\..\addons\ofxLibwebsockets\libs\openssl\openssl\lhash.h">
      <Filter>addons\ofxLibwebsockets\libs\openssl</Filter>
    </ClInclude>
    <ClInclude Include="..\..\..\addons\ofxLibwebsockets\libs\openssl\openssl\md2.h">
      <Filter>addons\ofxLibwebsockets\libs\openssl</Filter>
    </ClInclude>
    <ClInclude Include="..\..\..\addons\ofxLibwebsockets\libs\openssl\openssl\md4.h">
      <Filter>addons\ofxLibwebsockets\libs\openssl</Filter>
    </ClInclude>
    <ClInclude Include="..\..\..\addons\ofxLibwebsockets\libs\openssl\openssl\md5.h">
      <Filter>addons\ofxLibwebsockets\libs\openssl</Filter>
    </ClInclude>
    <ClInclude Include="..\..\..\addons\ofxLibwebsockets\libs\openssl\openssl\mdc2.h">
      <Filter>addons\ofxLibwebsockets\libs\openssl</Filter>
    </ClInclude>
    <ClInclude Include="..\..\..\addons\ofxLibwebsockets\libs\openssl\openssl\objects.h">
      <Filter>addons\ofxLibwebsockets\libs\openssl</Filter>
    </ClInclude>
    <ClInclude Include="..\..\..\addons\ofxLibwebsockets\libs\openssl\openssl\obj_mac.h">
      <Filter>addons\ofxLibwebsockets\libs\openssl</Filter>
    </ClInclude>
    <ClInclude Include="..\..\..\addons\ofxLibwebsockets\libs\openssl\openssl\ocsp.h">
      <Filter>addons\ofxLibwebsockets\libs\openssl</Filter>
    </ClInclude>
    <ClInclude Include="..\..\..\addons\ofxLibwebsockets\libs\openssl\openssl\opensslconf.h">
      <Filter>addons\ofxLibwebsockets\libs\openssl</Filter>
    </ClInclude>
    <ClInclude Include="..\..\..\addons\ofxLibwebsockets\libs\openssl\openssl\opensslv.h">
      <Filter>addons\ofxLibwebsockets\libs\openssl</Filter>
    </ClInclude>
    <ClInclude Include="..\..\..\addons\ofxLibwebsockets\libs\openssl\openssl\ossl_typ.h">
      <Filter>addons\ofxLibwebsockets\libs\openssl</Filter>
    </ClInclude>
    <ClInclude Include="..\..\..\addons\ofxLibwebsockets\libs\openssl\openssl\pem.h">
      <Filter>addons\ofxLibwebsockets\libs\openssl</Filter>
    </ClInclude>
    <ClInclude Include="..\..\..\addons\ofxLibwebsockets\libs\openssl\openssl\pem2.h">
      <Filter>addons\ofxLibwebsockets\libs\openssl</Filter>
    </ClInclude>
    <ClInclude Include="..\..\..\addons\ofxLibwebsockets\libs\openssl\openssl\pkcs12.h">
      <Filter>addons\ofxLibwebsockets\libs\openssl</Filter>
    </ClInclude>
    <ClInclude Include="..\..\..\addons\ofxLibwebsockets\libs\openssl\openssl\pkcs7.h">
      <Filter>addons\ofxLibwebsockets\libs\openssl</Filter>
    </ClInclude>
    <ClInclude Include="..\..\..\addons\ofxLibwebsockets\libs\openssl\openssl\rand.h">
      <Filter>addons\ofxLibwebsockets\libs\openssl</Filter>
    </ClInclude>
    <ClInclude Include="..\..\..\addons\ofxLibwebsockets\libs\openssl\openssl\rc2.h">
      <Filter>addons\ofxLibwebsockets\libs\openssl</Filter>
    </ClInclude>
    <ClInclude Include="..\..\..\addons\ofxLibwebsockets\libs\openssl\openssl\rc4.h">
      <Filter>addons\ofxLibwebsockets\libs\openssl</Filter>
    </ClInclude>
    <ClInclude Include="..\..\..\addons\ofxLibwebsockets\libs\openssl\openssl\rc5.h">
      <Filter>addons\ofxLibwebsockets\libs\openssl</Filter>
    </ClInclude>
    <ClInclude Include="..\..\..\addons\ofxLibwebsockets\libs\openssl\openssl\ripemd.h">
      <Filter>addons\ofxLibwebsockets\libs\openssl</Filter>
    </ClInclude>
    <ClInclude Include="..\..\..\addons\ofxLibwebsockets\libs\openssl\openssl\rsa.h">
      <Filter>addons\ofxLibwebsockets\libs\openssl</Filter>
    </ClInclude>
    <ClInclude Include="..\..\..\addons\ofxLibwebsockets\libs\openssl\openssl\safestack.h">
      <Filter>addons\ofxLibwebsockets\libs\openssl</Filter>
    </ClInclude>
    <ClInclude Include="..\..\..\addons\ofxLibwebsockets\libs\openssl\openssl\sha.h">
      <Filter>addons\ofxLibwebsockets\libs\openssl</Filter>
    </ClInclude>
    <ClInclude Include="..\..\..\addons\ofxLibwebsockets\libs\openssl\openssl\ssl.h">
      <Filter>addons\ofxLibwebsockets\libs\openssl</Filter>
    </ClInclude>
    <ClInclude Include="..\..\..\addons\ofxLibwebsockets\libs\openssl\openssl\ssl2.h">
      <Filter>addons\ofxLibwebsockets\libs\openssl</Filter>
    </ClInclude>
    <ClInclude Include="..\..\..\addons\ofxLibwebsockets\libs\openssl\openssl\ssl23.h">
      <Filter>addons\ofxLibwebsockets\libs\openssl</Filter>
    </ClInclude>
    <ClInclude Include="..\..\..\addons\ofxLibwebsockets\libs\openssl\openssl\ssl3.h">
      <Filter>addons\ofxLibwebsockets\libs\openssl</Filter>
    </ClInclude>
    <ClInclude Include="..\..\..\addons\ofxLibwebsockets\libs\openssl\openssl\stack.h">
      <Filter>addons\ofxLibwebsockets\libs\openssl</Filter>
    </ClInclude>
    <ClInclude Include="..\..\..\addons\ofxLibwebsockets\libs\openssl\openssl\symhacks.h">
      <Filter>addons\ofxLibwebsockets\libs\openssl</Filter>
    </ClInclude>
    <ClInclude Include="..\..\..\addons\ofxLibwebsockets\libs\openssl\openssl\tls1.h">
      <Filter>addons\ofxLibwebsockets\libs\openssl</Filter>
    </ClInclude>
    <ClInclude Include="..\..\..\addons\ofxLibwebsockets\libs\openssl\openssl\tmdiff.h">
      <Filter>addons\ofxLibwebsockets\libs\openssl</Filter>
    </ClInclude>
    <ClInclude Include="..\..\..\addons\ofxLibwebsockets\libs\openssl\openssl\txt_db.h">
      <Filter>addons\ofxLibwebsockets\libs\openssl</Filter>
    </ClInclude>
    <ClInclude Include="..\..\..\addons\ofxLibwebsockets\libs\openssl\openssl\ui.h">
      <Filter>addons\ofxLibwebsockets\libs\openssl</Filter>
    </ClInclude>
    <ClInclude Include="..\..\..\addons\ofxLibwebsockets\libs\openssl\openssl\ui_compat.h">
      <Filter>addons\ofxLibwebsockets\libs\openssl</Filter>
    </ClInclude>
    <ClInclude Include="..\..\..\addons\ofxLibwebsockets\libs\openssl\openssl\x509.h">
      <Filter>addons\ofxLibwebsockets\libs\openssl</Filter>
    </ClInclude>
    <ClInclude Include="..\..\..\addons\ofxLibwebsockets\libs\openssl\openssl\x509v3.h">
      <Filter>addons\ofxLibwebsockets\libs\openssl</Filter>
    </ClInclude>
    <ClInclude Include="..\..\..\addons\ofxLibwebsockets\libs\openssl\openssl\x509_vfy.h">
      <Filter>addons\ofxLibwebsockets\libs\openssl</Filter>
    </ClInclude>
    <ClInclude Include="..\..\..\addons\ofxLibwebsockets\libs\libwebsockets\include\libwebsockets.h">
      <Filter>addons\ofxLibwebsockets\libs\libwebsockets</Filter>
    </ClInclude>
    <ClInclude Include="..\..\..\addons\ofxLibwebsockets\libs\libwebsockets\include\win32port\win32helpers\getopt.h">
      <Filter>addons\ofxLibwebsockets\libs\libwebsockets</Filter>
    </ClInclude>
    <ClInclude Include="..\..\..\addons\ofxLibwebsockets\libs\libwebsockets\include\win32port\win32helpers\gettimeofday.h">
      <Filter>addons\ofxLibwebsockets\libs\libwebsockets</Filter>
    </ClInclude>
    <ClInclude Include="..\..\..\addons\ofxLibwebsockets\libs\libwebsockets\include\win32port\win32helpers\netdb.h">
      <Filter>addons\ofxLibwebsockets\libs\libwebsockets</Filter>
    </ClInclude>
    <ClInclude Include="..\..\..\addons\ofxLibwebsockets\libs\libwebsockets\include\win32port\win32helpers\strings.h">
      <Filter>addons\ofxLibwebsockets\libs\libwebsockets</Filter>
    </ClInclude>
    <ClInclude Include="..\..\..\addons\ofxLibwebsockets\libs\libwebsockets\include\win32port\win32helpers\sys\time.h">
      <Filter>addons\ofxLibwebsockets\libs\libwebsockets</Filter>
    </ClInclude>
    <ClInclude Include="..\..\..\addons\ofxLibwebsockets\libs\libwebsockets\include\win32port\win32helpers\unistd.h">
      <Filter>addons\ofxLibwebsockets\libs\libwebsockets</Filter>
    </ClInclude>
    <ClInclude Include="..\..\..\addons\ofxLibwebsockets\libs\libwebsockets\include\win32port\win32helpers\websock-w32.h">
      <Filter>addons\ofxLibwebsockets\libs\libwebsockets</Filter>
    </ClInclude>
    <ClInclude Include="..\..\..\addons\ofxLibwebsockets\libs\jsoncpp\json\json-forwards.h">
      <Filter>addons\ofxLibwebsockets\libs\jsoncpp</Filter>
    </ClInclude>
    <ClInclude Include="..\..\..\addons\ofxLibwebsockets\libs\jsoncpp\json\json.h">
      <Filter>addons\ofxLibwebsockets\libs\jsoncpp</Filter>
    </ClInclude>
  </ItemGroup>
</Project>